
Microsoft Visual Studio Solution File, Format Version 12.00
# Visual Studio Version 16
VisualStudioVersion = 16.0.30907.101
MinimumVisualStudioVersion = 10.0.40219.1
Project("{FAE04EC0-301F-11D3-BF4B-00C04F79EFBC}") = "Miniframework.Backgroundservice", "Miniframework.Backgroundservice\Miniframework.Backgroundservice.csproj", "{21E88296-B952-4EDC-B438-5E6F4954C034}"
EndProject
Project("{FAE04EC0-301F-11D3-BF4B-00C04F79EFBC}") = "Miniframework.Backgroundservice.Abstractions", "Miniframework.Backgroundservice.Abstractions\Miniframework.Backgroundservice.Abstractions.csproj", "{BFC0E4E9-BB14-48EE-8AF8-145D92051CFB}"
EndProject
Global
	GlobalSection(SolutionConfigurationPlatforms) = preSolution
		Debug|Any CPU = Debug|Any CPU
		Release|Any CPU = Release|Any CPU
	EndGlobalSection
	GlobalSection(ProjectConfigurationPlatforms) = postSolution
		{21E88296-B952-4EDC-B438-5E6F4954C034}.Debug|Any CPU.ActiveCfg = Debug|Any CPU
		{21E88296-B952-4EDC-B438-5E6F4954C034}.Debug|Any CPU.Build.0 = Debug|Any CPU
		{21E88296-B952-4EDC-B438-5E6F4954C034}.Release|Any CPU.ActiveCfg = Release|Any CPU
		{21E88296-B952-4EDC-B438-5E6F4954C034}.Release|Any CPU.Build.0 = Release|Any CPU
		{BFC0E4E9-BB14-48EE-8AF8-145D92051CFB}.Debug|Any CPU.ActiveCfg = Debug|Any CPU
		{BFC0E4E9-BB14-48EE-8AF8-145D92051CFB}.Debug|Any CPU.Build.0 = Debug|Any CPU
		{BFC0E4E9-BB14-48EE-8AF8-145D92051CFB}.Release|Any CPU.ActiveCfg = Release|Any CPU
		{BFC0E4E9-BB14-48EE-8AF8-145D92051CFB}.Release|Any CPU.Build.0 = Release|Any CPU
	EndGlobalSection
	GlobalSection(SolutionProperties) = preSolution
		HideSolutionNode = FALSE
	EndGlobalSection
	GlobalSection(ExtensibilityGlobals) = postSolution
		SolutionGuid = {882ADE34-B02C-43F5-9754-C893A7E0BDF7}
	EndGlobalSection
EndGlobal
